
Microsoft Visual Studio Solution File, Format Version 12.00
# Visual Studio Version 17
VisualStudioVersion = 17.1.32210.238
MinimumVisualStudioVersion = 10.0.40219.1
Project("{9A19103F-16F7-4668-BE54-9A1E7A4F7556}") = "InventoryManagementApp", "InventoryManagementApp\InventoryManagementApp.csproj", "{03B8E624-6654-4465-BA19-1651C93F26DA}"
EndProject
Project("{9A19103F-16F7-4668-BE54-9A1E7A4F7556}") = "IMS.UseCases", "IMS.UseCases\IMS.UseCases.csproj", "{D9B4A320-A102-410D-AC9A-049778234B39}"
EndProject
Project("{9A19103F-16F7-4668-BE54-9A1E7A4F7556}") = "IMS.CoreBusiness", "IMS.CoreBusiness\IMS.CoreBusiness.csproj", "{9EE06F03-D44E-49F6-8BDD-872A085C9756}"
EndProject
Project("{9A19103F-16F7-4668-BE54-9A1E7A4F7556}") = "IMS.Plugins.EFCore", "IMS.Plugins.EFCore\IMS.Plugins.EFCore.csproj", "{B0F17D3D-3929-4388-A692-324DC6A0C3AC}"
EndProject
Global
	GlobalSection(SolutionConfigurationPlatforms) = preSolution
		Debug|Any CPU = Debug|Any CPU
		Release|Any CPU = Release|Any CPU
	EndGlobalSection
	GlobalSection(ProjectConfigurationPlatforms) = postSolution
		{03B8E624-6654-4465-BA19-1651C93F26DA}.Debug|Any CPU.ActiveCfg = Debug|Any CPU
		{03B8E624-6654-4465-BA19-1651C93F26DA}.Debug|Any CPU.Build.0 = Debug|Any CPU
		{03B8E624-6654-4465-BA19-1651C93F26DA}.Release|Any CPU.ActiveCfg = Release|Any CPU
		{03B8E624-6654-4465-BA19-1651C93F26DA}.Release|Any CPU.Build.0 = Release|Any CPU
		{D9B4A320-A102-410D-AC9A-049778234B39}.Debug|Any CPU.ActiveCfg = Debug|Any CPU
		{D9B4A320-A102-410D-AC9A-049778234B39}.Debug|Any CPU.Build.0 = Debug|Any CPU
		{D9B4A320-A102-410D-AC9A-049778234B39}.Release|Any CPU.ActiveCfg = Release|Any CPU
		{D9B4A320-A102-410D-AC9A-049778234B39}.Release|Any CPU.Build.0 = Release|Any CPU
		{9EE06F03-D44E-49F6-8BDD-872A085C9756}.Debug|Any CPU.ActiveCfg = Debug|Any CPU
		{9EE06F03-D44E-49F6-8BDD-872A085C9756}.Debug|Any CPU.Build.0 = Debug|Any CPU
		{9EE06F03-D44E-49F6-8BDD-872A085C9756}.Release|Any CPU.ActiveCfg = Release|Any CPU
		{9EE06F03-D44E-49F6-8BDD-872A085C9756}.Release|Any CPU.Build.0 = Release|Any CPU
		{B0F17D3D-3929-4388-A692-324DC6A0C3AC}.Debug|Any CPU.ActiveCfg = Debug|Any CPU
		{B0F17D3D-3929-4388-A692-324DC6A0C3AC}.Debug|Any CPU.Build.0 = Debug|Any CPU
		{B0F17D3D-3929-4388-A692-324DC6A0C3AC}.Release|Any CPU.ActiveCfg = Release|Any CPU
		{B0F17D3D-3929-4388-A692-324DC6A0C3AC}.Release|Any CPU.Build.0 = Release|Any CPU
	EndGlobalSection
	GlobalSection(SolutionProperties) = preSolution
		HideSolutionNode = FALSE
	EndGlobalSection
	GlobalSection(ExtensibilityGlobals) = postSolution
		SolutionGuid = {E3685991-8F34-407F-957A-541319E51CA1}
	EndGlobalSection
EndGlobal
